// !$*UTF8*$!
{
	archiveVersion = 1;
	classes = {
	};
	objectVersion = 50;
	objects = {

/* Begin PBXBuildFile section */
		3F03D73422FE9197002F5CBF /* AppDelegate.swift in Sources */ = {isa = PBXBuildFile; fileRef = 3F03D73322FE9197002F5CBF /* AppDelegate.swift */; };
		3F03D73622FE9197002F5CBF /* ViewController.swift in Sources */ = {isa = PBXBuildFile; fileRef = 3F03D73522FE9197002F5CBF /* ViewController.swift */; };
		3F03D73B22FE9199002F5CBF /* Assets.xcassets in Resources */ = {isa = PBXBuildFile; fileRef = 3F03D73A22FE9199002F5CBF /* Assets.xcassets */; };
		3F03D73E22FE9199002F5CBF /* LaunchScreen.storyboard in Resources */ = {isa = PBXBuildFile; fileRef = 3F03D73C22FE9199002F5CBF /* LaunchScreen.storyboard */; };
		3F03D74622FED0CB002F5CBF /* CategoryCell.swift in Sources */ = {isa = PBXBuildFile; fileRef = 3F03D74522FED0CB002F5CBF /* CategoryCell.swift */; };
		3FF3EB092316BA2D006C3112 /* Models.swift in Sources */ = {isa = PBXBuildFile; fileRef = 3FF3EB082316BA2D006C3112 /* Models.swift */; };
/* End PBXBuildFile section */

/* Begin PBXFileReference section */
		3F03D73022FE9197002F5CBF /* App Store_clone.app */ = {isa = PBXFileReference; explicitFileType = wrapper.application; includeInIndex = 0; path = "App Store_clone.app"; sourceTree = BUILT_PRODUCTS_DIR; };
		3F03D73322FE9197002F5CBF /* AppDelegate.swift */ = {isa = PBXFileReference; lastKnownFileType = sourcecode.swift; path = AppDelegate.swift; sourceTree = "<group>"; };
		3F03D73522FE9197002F5CBF /* ViewController.swift */ = {isa = PBXFileReference; lastKnownFileType = sourcecode.swift; path = ViewController.swift; sourceTree = "<group>"; };
		3F03D73A22FE9199002F5CBF /* Assets.xcassets */ = {isa = PBXFileReference; lastKnownFileType = folder.assetcatalog; path = Assets.xcassets; sourceTree = "<group>"; };
		3F03D73D22FE9199002F5CBF /* Base */ = {isa = PBXFileReference; lastKnownFileType = file.storyboard; name = Base; path = Base.lproj/LaunchScreen.storyboard; sourceTree = "<group>"; };
		3F03D73F22FE9199002F5CBF /* Info.plist */ = {isa = PBXFileReference; lastKnownFileType = text.plist.xml; path = Info.plist; sourceTree = "<group>"; };
		3F03D74522FED0CB002F5CBF /* CategoryCell.swift */ = {isa = PBXFileReference; lastKnownFileType = sourcecode.swift; path = CategoryCell.swift; sourceTree = "<group>"; };
		3FF3EB082316BA2D006C3112 /* Models.swift */ = {isa = PBXFileReference; lastKnownFileType = sourcecode.swift; path = Models.swift; sourceTree = "<group>"; };
/* End PBXFileReference section */

/* Begin PBXFrameworksBuildPhase section */
		3F03D72D22FE9197002F5CBF /* Frameworks */ = {
			isa = PBXFrameworksBuildPhase;
			buildActionMask = 2147483647;
			files = (
			);
			runOnlyForDeploymentPostprocessing = 0;
		};
/* End PBXFrameworksBuildPhase section */

/* Begin PBXGroup section */
		3F03D72722FE9197002F5CBF = {
			isa = PBXGroup;
			children = (
				3F03D73222FE9197002F5CBF /* App Store_clone */,
				3F03D73122FE9197002F5CBF /* Products */,
			);
			sourceTree = "<group>";
		};
		3F03D73122FE9197002F5CBF /* Products */ = {
			isa = PBXGroup;
			children = (
				3F03D73022FE9197002F5CBF /* App Store_clone.app */,
			);
			name = Products;
			sourceTree = "<group>";
		};
		3F03D73222FE9197002F5CBF /* App Store_clone */ = {
			isa = PBXGroup;
			children = (
				3F03D73322FE9197002F5CBF /* AppDelegate.swift */,
				3F03D73522FE9197002F5CBF /* ViewController.swift */,
				3F03D73A22FE9199002F5CBF /* Assets.xcassets */,
				3F03D73C22FE9199002F5CBF /* LaunchScreen.storyboard */,
				3F03D73F22FE9199002F5CBF /* Info.plist */,
				3F03D74522FED0CB002F5CBF /* CategoryCell.swift */,
				3FF3EB082316BA2D006C3112 /* Models.swift */,
			);
			path = "App Store_clone";
			sourceTree = "<group>";
		};
/* End PBXGroup section */

/* Begin PBXNativeTarget section */
		3F03D72F22FE9197002F5CBF /* App Store_clone */ = {
			isa = PBXNativeTarget;
			buildConfigurationList = 3F03D74222FE9199002F5CBF /* Build configuration list for PBXNativeTarget "App Store_clone" */;
			buildPhases = (
				3F03D72C22FE9197002F5CBF /* Sources */,
				3F03D72D22FE9197002F5CBF /* Frameworks */,
				3F03D72E22FE9197002F5CBF /* Resources */,
			);
			buildRules = (
			);
			dependencies = (
			);
			name = "App Store_clone";
			productName = "App Store_clone";
			productReference = 3F03D73022FE9197002F5CBF /* App Store_clone.app */;
			productType = "com.apple.product-type.application";
		};
/* End PBXNativeTarget section */

/* Begin PBXProject section */
		3F03D72822FE9197002F5CBF /* Project object */ = {
			isa = PBXProject;
			attributes = {
				LastSwiftUpdateCheck = 1030;
				LastUpgradeCheck = 1030;
				ORGANIZATIONNAME = Steven;
				TargetAttributes = {
					3F03D72F22FE9197002F5CBF = {
						CreatedOnToolsVersion = 10.3;
					};
				};
			};
			buildConfigurationList = 3F03D72B22FE9197002F5CBF /* Build configuration list for PBXProject "App Store_clone" */;
			compatibilityVersion = "Xcode 9.3";
			developmentRegion = en;
			hasScannedForEncodings = 0;
			knownRegions = (
				en,
				Base,
			);
			mainGroup = 3F03D72722FE9197002F5CBF;
			productRefGroup = 3F03D73122FE9197002F5CBF /* Products */;
			projectDirPath = "";
			projectRoot = "";
			targets = (
				3F03D72F22FE9197002F5CBF /* App Store_clone */,
			);
		};
/* End PBXProject section */

/* Begin PBXResourcesBuildPhase section */
		3F03D72E22FE9197002F5CBF /* Resources */ = {
			isa = PBXResourcesBuildPhase;
			buildActionMask = 2147483647;
			files = (
				3F03D73E22FE9199002F5CBF /* LaunchScreen.storyboard in Resources */,
				3F03D73B22FE9199002F5CBF /* Assets.xcassets in Resources */,
			);
			runOnlyForDeploymentPostprocessing = 0;
		};
/* End PBXResourcesBuildPhase section */

/* Begin PBXSourcesBuildPhase section */
		3F03D72C22FE9197002F5CBF /* Sources */ = {
			isa = PBXSourcesBuildPhase;
			buildActionMask = 2147483647;
			files = (
				3F03D73622FE9197002F5CBF /* ViewController.swift in Sources */,
				3F03D73422FE9197002F5CBF /* AppDelegate.swift in Sources */,
				3F03D74622FED0CB002F5CBF /* CategoryCell.swift in Sources */,
				3FF3EB092316BA2D006C3112 /* Models.swift in Sources */,
			);
			runOnlyForDeploymentPostprocessing = 0;
		};
/* End PBXSourcesBuildPhase section */

/* Begin PBXVariantGroup section */
		3F03D73C22FE9199002F5CBF /* LaunchScreen.storyboard */ = {
			isa = PBXVariantGroup;
			children = (
				3F03D73D22FE9199002F5CBF /* Base */,
			);
			name = LaunchScreen.storyboard;
			sourceTree = "<group>";
		};
/* End PBXVariantGroup section */

/* Begin XCBuildConfiguration section */
		3F03D74022FE9199002F5CBF /* Debug */ = {
			isa = XCBuildConfiguration;
			buildSettings = {
				ALWAYS_SEARCH_USER_PATHS = NO;
				CLANG_ANALYZER_NONNULL = YES;
				CLANG_ANALYZER_NUMBER_OBJECT_CONVERSION = YES_AGGRESSIVE;
				CLANG_CXX_LANGUAGE_STANDARD = "gnu++14";
				CLANG_CXX_LIBRARY = "libc++";
				CLANG_ENABLE_MODULES = YES;
				CLANG_ENABLE_OBJC_ARC = YES;
				CLANG_ENABLE_OBJC_WEAK = YES;
				CLANG_WARN_BLOCK_CAPTURE_AUTORELEASING = YES;
				CLANG_WARN_BOOL_CONVERSION = YES;
				CLANG_WARN_COMMA = YES;
				CLANG_WARN_CONSTANT_CONVERSION = YES;
				CLANG_WARN_DEPRECATED_OBJC_IMPLEMENTATIONS = YES;
				CLANG_WARN_DIRECT_OBJC_ISA_USAGE = YES_ERROR;
				CLANG_WARN_DOCUMENTATION_COMMENTS = YES;
				CLANG_WARN_EMPTY_BODY = YES;
				CLANG_WARN_ENUM_CONVERSION = YES;
				CLANG_WARN_INFINITE_RECURSION = YES;
				CLANG_WARN_INT_CONVERSION = YES;
				CLANG_WARN_NON_LITERAL_NULL_CONVERSION = YES;
				CLANG_WARN_OBJC_IMPLICIT_RETAIN_SELF = YES;
				CLANG_WARN_OBJC_LITERAL_CONVERSION = YES;
				CLANG_WARN_OBJC_ROOT_CLASS = YES_ERROR;
				CLANG_WARN_RANGE_LOOP_ANALYSIS = YES;
				CLANG_WARN_STRICT_PROTOTYPES = YES;
				CLANG_WARN_SUSPICIOUS_MOVE = YES;
				CLANG_WARN_UNGUARDED_AVAILABILITY = YES_AGGRESSIVE;
				CLANG_WARN_UNREACHABLE_CODE = YES;
				CLANG_WARN__DUPLICATE_METHOD_MATCH = YES;
				CODE_SIGN_IDENTITY = "iPhone Developer";
				COPY_PHASE_STRIP = NO;
				DEBUG_INFORMATION_FORMAT = dwarf;
				ENABLE_STRICT_OBJC_MSGSEND = YES;
				ENABLE_TESTABILITY = YES;
				GCC_C_LANGUAGE_STANDARD = gnu11;
				GCC_DYNAMIC_NO_PIC = NO;
				GCC_NO_COMMON_BLOCKS = YES;
				GCC_OPTIMIZATION_LEVEL = 0;
				GCC_PREPROCESSOR_DEFINITIONS = (
					"DEBUG=1",
					"$(inherited)",
				);
				GCC_WARN_64_TO_32_BIT_CONVERSION = YES;
				GCC_WARN_ABOUT_RETURN_TYPE = YES_ERROR;
				GCC_WARN_UNDECLARED_SELECTOR = YES;
				GCC_WARN_UNINITIALIZED_AUTOS = YES_AGGRESSIVE;
				GCC_WARN_UNUSED_FUNCTION = YES;
				GCC_WARN_UNUSED_VARIABLE = YES;
				IPHONEOS_DEPLOYMENT_TARGET = 12.4;
				MTL_ENABLE_DEBUG_INFO = INCLUDE_SOURCE;
				MTL_FAST_MATH = YES;
				ONLY_ACTIVE_ARCH = YES;
				SDKROOT = iphoneos;
				SWIFT_ACTIVE_COMPILATION_CONDITIONS = DEBUG;
				SWIFT_OPTIMIZATION_LEVEL = "-Onone";
			};
			name = Debug;
		};
		3F03D74122FE9199002F5CBF /* Release */ = {
			isa = XCBuildConfiguration;
			buildSettings = {
				ALWAYS_SEARCH_USER_PATHS = NO;
				CLANG_ANALYZER_NONNULL = YES;
				CLANG_ANALYZER_NUMBER_OBJECT_CONVERSION = YES_AGGRESSIVE;
				CLANG_CXX_LANGUAGE_STANDARD = "gnu++14";
				CLANG_CXX_LIBRARY = "libc++";
				CLANG_ENABLE_MODULES = YES;
				CLANG_ENABLE_OBJC_ARC = YES;
				CLANG_ENABLE_OBJC_WEAK = YES;
				CLANG_WARN_BLOCK_CAPTURE_AUTORELEASING = YES;
				CLANG_WARN_BOOL_CONVERSION = YES;
				CLANG_WARN_COMMA = YES;
				CLANG_WARN_CONSTANT_CONVERSION = YES;
				CLANG_WARN_DEPRECATED_OBJC_IMPLEMENTATIONS = YES;
				CLANG_WARN_DIRECT_OBJC_ISA_USAGE = YES_ERROR;
				CLANG_WARN_DOCUMENTATION_COMMENTS = YES;
				CLANG_WARN_EMPTY_BODY = YES;
				CLANG_WARN_ENUM_CONVERSION = YES;
				CLANG_WARN_INFINITE_RECURSION = YES;
				CLANG_WARN_INT_CONVERSION = YES;
				CLANG_WARN_NON_LITERAL_NULL_CONVERSION = YES;
				CLANG_WARN_OBJC_IMPLICIT_RETAIN_SELF = YES;
				CLANG_WARN_OBJC_LITERAL_CONVERSION = YES;
				CLANG_WARN_OBJC_ROOT_CLASS = YES_ERROR;
				CLANG_WARN_RANGE_LOOP_ANALYSIS = YES;
				CLANG_WARN_STRICT_PROTOTYPES = YES;
				CLANG_WARN_SUSPICIOUS_MOVE = YES;
				CLANG_WARN_UNGUARDED_AVAILABILITY = YES_AGGRESSIVE;
				CLANG_WARN_UNREACHABLE_CODE = YES;
				CLANG_WARN__DUPLICATE_METHOD_MATCH = YES;
				CODE_SIGN_IDENTITY = "iPhone Developer";
				COPY_PHASE_STRIP = NO;
				DEBUG_INFORMATION_FORMAT = "dwarf-with-dsym";
				ENABLE_NS_ASSERTIONS = NO;
				ENABLE_STRICT_OBJC_MSGSEND = YES;
				GCC_C_LANGUAGE_STANDARD = gnu11;
				GCC_NO_COMMON_BLOCKS = YES;
				GCC_WARN_64_TO_32_BIT_CONVERSION = YES;
				GCC_WARN_ABOUT_RETURN_TYPE = YES_ERROR;
				GCC_WARN_UNDECLARED_SELECTOR = YES;
				GCC_WARN_UNINITIALIZED_AUTOS = YES_AGGRESSIVE;
				GCC_WARN_UNUSED_FUNCTION = YES;
				GCC_WARN_UNUSED_VARIABLE = YES;
				IPHONEOS_DEPLOYMENT_TARGET = 12.4;
				MTL_ENABLE_DEBUG_INFO = NO;
				MTL_FAST_MATH = YES;
				SDKROOT = iphoneos;
				SWIFT_COMPILATION_MODE = wholemodule;
				SWIFT_OPTIMIZATION_LEVEL = "-O";
				VALIDATE_PRODUCT = YES;
			};
			name = Release;
		};
		3F03D74322FE9199002F5CBF /* Debug */ = {
			isa = XCBuildConfiguration;
			buildSettings = {
				ASSETCATALOG_COMPILER_APPICON_NAME = AppIcon;
				CODE_SIGN_STYLE = Automatic;
				DEVELOPMENT_TEAM = 8D58TTN334;
				INFOPLIST_FILE = "App Store_clone/Info.plist";
				IPHONEOS_DEPLOYMENT_TARGET = 11.2;
				LD_RUNPATH_SEARCH_PATHS = (
					"$(inherited)",
					"@executable_path/Frameworks",
				);
				PRODUCT_BUNDLE_IDENTIFIER = "com.blogspot.codingonmac.App-Store-clone";
				PRODUCT_NAME = "$(TARGET_NAME)";
				SWIFT_VERSION = 5.0;
				TARGETED_DEVICE_FAMILY = "1,2";
			};
			name = Debug;
		};
		3F03D74422FE9199002F5CBF /* Release */ = {
			isa = XCBuildConfiguration;
			buildSettings = {
				ASSETCATALOG_COMPILER_APPICON_NAME = AppIcon;
				CODE_SIGN_STYLE = Automatic;
				DEVELOPMENT_TEAM = 8D58TTN334;
				INFOPLIST_FILE = "App Store_clone/Info.plist";
				IPHONEOS_DEPLOYMENT_TARGET = 11.2;
				LD_RUNPATH_SEARCH_PATHS = (
					"$(inherited)",
					"@executable_path/Frameworks",
				);
				PRODUCT_BUNDLE_IDENTIFIER = "com.blogspot.codingonmac.App-Store-clone";
				PRODUCT_NAME = "$(TARGET_NAME)";
				SWIFT_VERSION = 5.0;
				TARGETED_DEVICE_FAMILY = "1,2";
			};
			name = Release;
		};
/* End XCBuildConfiguration section */

/* Begin XCConfigurationList section */
		3F03D72B22FE9197002F5CBF /* Build configuration list for PBXProject "App Store_clone" */ = {
			isa = XCConfigurationList;
			buildConfigurations = (
				3F03D74022FE9199002F5CBF /* Debug */,
				3F03D74122FE9199002F5CBF /* Release */,
			);
			defaultConfigurationIsVisible = 0;
			defaultConfigurationName = Release;
		};
		3F03D74222FE9199002F5CBF /* Build configuration list for PBXNativeTarget "App Store_clone" */ = {
			isa = XCConfigurationList;
			buildConfigurations = (
				3F03D74322FE9199002F5CBF /* Debug */,
				3F03D74422FE9199002F5CBF /* Release */,
			);
			defaultConfigurationIsVisible = 0;
			defaultConfigurationName = Release;
		};
/* End XCConfigurationList section */
	};
	rootObject = 3F03D72822FE9197002F5CBF /* Project object */;
}
